
Microsoft Visual Studio Solution File, Format Version 12.00
# Visual Studio Version 16
VisualStudioVersion = 16.0.31205.134
MinimumVisualStudioVersion = 10.0.40219.1
Project("{9A19103F-16F7-4668-BE54-9A1E7A4F7556}") = "TodoTxt.Library", "TodoTxt.Library\TodoTxt.Library.csproj", "{4C232658-025D-44B8-942E-66B05558A915}"
EndProject
Project("{9A19103F-16F7-4668-BE54-9A1E7A4F7556}") = "TodoTxt.Library.UnitTests", "TodoTxt.Library.UnitTests\TodoTxt.Library.UnitTests.csproj", "{32DD4757-590C-4AFD-A48B-D2FF589D9F7F}"
	ProjectSection(ProjectDependencies) = postProject
		{4C232658-025D-44B8-942E-66B05558A915} = {4C232658-025D-44B8-942E-66B05558A915}
	EndProjectSection
EndProject
Global
	GlobalSection(SolutionConfigurationPlatforms) = preSolution
		Debug|Any CPU = Debug|Any CPU
		Release|Any CPU = Release|Any CPU
	EndGlobalSection
	GlobalSection(ProjectConfigurationPlatforms) = postSolution
		{4C232658-025D-44B8-942E-66B05558A915}.Debug|Any CPU.ActiveCfg = Debug|Any CPU
		{4C232658-025D-44B8-942E-66B05558A915}.Debug|Any CPU.Build.0 = Debug|Any CPU
		{4C232658-025D-44B8-942E-66B05558A915}.Release|Any CPU.ActiveCfg = Release|Any CPU
		{4C232658-025D-44B8-942E-66B05558A915}.Release|Any CPU.Build.0 = Release|Any CPU
		{32DD4757-590C-4AFD-A48B-D2FF589D9F7F}.Debug|Any CPU.ActiveCfg = Debug|Any CPU
		{32DD4757-590C-4AFD-A48B-D2FF589D9F7F}.Debug|Any CPU.Build.0 = Debug|Any CPU
		{32DD4757-590C-4AFD-A48B-D2FF589D9F7F}.Release|Any CPU.ActiveCfg = Release|Any CPU
		{32DD4757-590C-4AFD-A48B-D2FF589D9F7F}.Release|Any CPU.Build.0 = Release|Any CPU
	EndGlobalSection
	GlobalSection(SolutionProperties) = preSolution
		HideSolutionNode = FALSE
	EndGlobalSection
	GlobalSection(ExtensibilityGlobals) = postSolution
		SolutionGuid = {BD25152F-DD69-46D9-BA92-AF01CBA5ED65}
	EndGlobalSection
EndGlobal
